# This file is automatically @generated by Poetry 1.4.0 and should not be changed by hand.

[[package]]
name = "test1"
version = "0.1.0"
description = ""
category = "main"
optional = false
python-versions = "^3.10"
files = []
develop = false

[package.source]
type = "directory"
url = "test1"

[[package]]
name = "test2"
version = "0.1.0"
description = ""
category = "main"
optional = false
python-versions = "^3.10"
files = []
develop = false

[package.source]
type = "directory"
url = "test2"

[[package]]
name = "test3"
version = "0.1.0"
description = ""
category = "main"
optional = false
python-versions = "^3.10"
files = []
develop = false

[package.source]
type = "directory"
url = "test3"

[[package]]
name = "test3"
version = "0.1.0"
description = ""
category = "main"
optional = false
python-versions = "^3.10"
files = []
develop = false

[package.source]
type = "directory"
url = "test3-2/test3"

[metadata]
lock-version = "2.0"
python-versions = "^3.10"
content-hash = "152d53fc051d2e786017deb78f03daa439a4759f5e6bfac07655410b4168d290"
